
Microsoft Visual Studio Solution File, Format Version 12.00
# Visual Studio Version 16
VisualStudioVersion = 16.0.30413.136
MinimumVisualStudioVersion = 10.0.40219.1
Project("{FAE04EC0-301F-11D3-BF4B-00C04F79EFBC}") = "circularRotation", "circularRotation.csproj", "{FE5945D4-6E1B-4AED-9FD2-A948FBD1B679}"
EndProject
Global
	GlobalSection(SolutionConfigurationPlatforms) = preSolution
		Debug|Any CPU = Debug|Any CPU
		Release|Any CPU = Release|Any CPU
	EndGlobalSection
	GlobalSection(ProjectConfigurationPlatforms) = postSolution
		{FE5945D4-6E1B-4AED-9FD2-A948FBD1B679}.Debug|Any CPU.ActiveCfg = Debug|Any CPU
		{FE5945D4-6E1B-4AED-9FD2-A948FBD1B679}.Debug|Any CPU.Build.0 = Debug|Any CPU
		{FE5945D4-6E1B-4AED-9FD2-A948FBD1B679}.Release|Any CPU.ActiveCfg = Release|Any CPU
		{FE5945D4-6E1B-4AED-9FD2-A948FBD1B679}.Release|Any CPU.Build.0 = Release|Any CPU
	EndGlobalSection
	GlobalSection(SolutionProperties) = preSolution
		HideSolutionNode = FALSE
	EndGlobalSection
	GlobalSection(ExtensibilityGlobals) = postSolution
		SolutionGuid = {73FFF2E1-1536-4A3B-BFA8-BAD6F2846AB7}
	EndGlobalSection
EndGlobal
